// !$*UTF8*$!
{
	archiveVersion = 1;
	classes = {
	};
	objectVersion = 46;
	objects = {

/* Begin PBXBuildFile section */
		05DA16E02B11F2CBE84F9BF0 /* libPods.a in Frameworks */ = {isa = PBXBuildFile; fileRef = 454D452EC154DC3750D42B3D /* libPods.a */; };
		DF365C3E1D3C772400FD3D7A /* main.m in Sources */ = {isa = PBXBuildFile; fileRef = DF365C3D1D3C772400FD3D7A /* main.m */; };
		DF365C411D3C772400FD3D7A /* AppDelegate.m in Sources */ = {isa = PBXBuildFile; fileRef = DF365C401D3C772400FD3D7A /* AppDelegate.m */; };
		DF365C471D3C772400FD3D7A /* Main.storyboard in Resources */ = {isa = PBXBuildFile; fileRef = DF365C451D3C772400FD3D7A /* Main.storyboard */; };
		DF365C491D3C772400FD3D7A /* Assets.xcassets in Resources */ = {isa = PBXBuildFile; fileRef = DF365C481D3C772400FD3D7A /* Assets.xcassets */; };
		DF365C4C1D3C772400FD3D7A /* LaunchScreen.storyboard in Resources */ = {isa = PBXBuildFile; fileRef = DF365C4A1D3C772400FD3D7A /* LaunchScreen.storyboard */; };
		DF365C571D3C772400FD3D7A /* XHNoteTests.m in Sources */ = {isa = PBXBuildFile; fileRef = DF365C561D3C772400FD3D7A /* XHNoteTests.m */; };
		DF365C621D3C772400FD3D7A /* XHNoteUITests.m in Sources */ = {isa = PBXBuildFile; fileRef = DF365C611D3C772400FD3D7A /* XHNoteUITests.m */; };
		DF9E117C1D3DC01800E65234 /* GoodsDataSource in Resources */ = {isa = PBXBuildFile; fileRef = DF9E117B1D3DC01800E65234 /* GoodsDataSource */; };
		DF9E117F1D3DC36900E65234 /* GoodsModel.m in Sources */ = {isa = PBXBuildFile; fileRef = DF9E117E1D3DC36900E65234 /* GoodsModel.m */; };
		DFC0ABAB1D3CD8FA00DC1434 /* XHMasonryDemo2Controller.m in Sources */ = {isa = PBXBuildFile; fileRef = DFC0ABAA1D3CD8FA00DC1434 /* XHMasonryDemo2Controller.m */; };
		DFC0ABAE1D3CDEF600DC1434 /* XHGoodsCell.m in Sources */ = {isa = PBXBuildFile; fileRef = DFC0ABAD1D3CDEF600DC1434 /* XHGoodsCell.m */; };
		DFC621801D3DF37A009F6970 /* DiscountPriceView.m in Sources */ = {isa = PBXBuildFile; fileRef = DFC6217F1D3DF37A009F6970 /* DiscountPriceView.m */; };
		DFC6218A1D3DF75B009F6970 /* NSString+Extension.m in Sources */ = {isa = PBXBuildFile; fileRef = DFC621891D3DF75B009F6970 /* NSString+Extension.m */; };
		DFEDC05B1D3C831E00E9FF4D /* XHHomeViewController.m in Sources */ = {isa = PBXBuildFile; fileRef = DFEDC05A1D3C831E00E9FF4D /* XHHomeViewController.m */; };
		DFEDC0791D3CA47800E9FF4D /* XHHomeModel.m in Sources */ = {isa = PBXBuildFile; fileRef = DFEDC06D1D3CA47800E9FF4D /* XHHomeModel.m */; };
		DFEDC07A1D3CA47800E9FF4D /* XHDataSourceManager.m in Sources */ = {isa = PBXBuildFile; fileRef = DFEDC0701D3CA47800E9FF4D /* XHDataSourceManager.m */; };
		DFEDC07B1D3CA47800E9FF4D /* XHBaseViewController.m in Sources */ = {isa = PBXBuildFile; fileRef = DFEDC0741D3CA47800E9FF4D /* XHBaseViewController.m */; };
		DFEDC07C1D3CA47800E9FF4D /* XHHomeCell.m in Sources */ = {isa = PBXBuildFile; fileRef = DFEDC0781D3CA47800E9FF4D /* XHHomeCell.m */; };
		DFEDC0931D3CA81B00E9FF4D /* XHAnimaltionHomeModel.m in Sources */ = {isa = PBXBuildFile; fileRef = DFEDC08D1D3CA81B00E9FF4D /* XHAnimaltionHomeModel.m */; };
		DFEDC0941D3CA81B00E9FF4D /* XHAnimalViewController.m in Sources */ = {isa = PBXBuildFile; fileRef = DFEDC0901D3CA81B00E9FF4D /* XHAnimalViewController.m */; };
		DFEDC0971D3CA83B00E9FF4D /* XHAnimaltionCell.m in Sources */ = {isa = PBXBuildFile; fileRef = DFEDC0961D3CA83B00E9FF4D /* XHAnimaltionCell.m */; };
		DFEDC09F1D3CAB4D00E9FF4D /* XHMasonryViewController.m in Sources */ = {isa = PBXBuildFile; fileRef = DFEDC09E1D3CAB4D00E9FF4D /* XHMasonryViewController.m */; };
		DFEDC0A31D3CAE0C00E9FF4D /* XHMasonryModel.m in Sources */ = {isa = PBXBuildFile; fileRef = DFEDC0A21D3CAE0C00E9FF4D /* XHMasonryModel.m */; };
		DFEDC0A61D3CB38200E9FF4D /* XHMasonryDemo1Controller.m in Sources */ = {isa = PBXBuildFile; fileRef = DFEDC0A51D3CB38200E9FF4D /* XHMasonryDemo1Controller.m */; };
/* End PBXBuildFile section */

/* Begin PBXContainerItemProxy section */
		DF365C531D3C772400FD3D7A /* PBXContainerItemProxy */ = {
			isa = PBXContainerItemProxy;
			containerPortal = DF365C311D3C772400FD3D7A /* Project object */;
			proxyType = 1;
			remoteGlobalIDString = DF365C381D3C772400FD3D7A;
			remoteInfo = XHNote;
		};
		DF365C5E1D3C772400FD3D7A /* PBXContainerItemProxy */ = {
			isa = PBXContainerItemProxy;
			containerPortal = DF365C311D3C772400FD3D7A /* Project object */;
			proxyType = 1;
			remoteGlobalIDString = DF365C381D3C772400FD3D7A;
			remoteInfo = XHNote;
		};
/* End PBXContainerItemProxy section */

/* Begin PBXFileReference section */
		454D452EC154DC3750D42B3D /* libPods.a */ = {isa = PBXFileReference; explicitFileType = archive.ar; includeInIndex = 0; path = libPods.a; sourceTree = BUILT_PRODUCTS_DIR; };
		AAF933A9A725C1044D5CAD4F /* Pods.release.xcconfig */ = {isa = PBXFileReference; includeInIndex = 1; lastKnownFileType = text.xcconfig; name = Pods.release.xcconfig; path = "Pods/Target Support Files/Pods/Pods.release.xcconfig"; sourceTree = "<group>"; };
		DF365C391D3C772400FD3D7A /* XHNote.app */ = {isa = PBXFileReference; explicitFileType = wrapper.application; includeInIndex = 0; path = XHNote.app; sourceTree = BUILT_PRODUCTS_DIR; };
		DF365C3D1D3C772400FD3D7A /* main.m */ = {isa = PBXFileReference; lastKnownFileType = sourcecode.c.objc; path = main.m; sourceTree = "<group>"; };
		DF365C3F1D3C772400FD3D7A /* AppDelegate.h */ = {isa = PBXFileReference; lastKnownFileType = sourcecode.c.h; path = AppDelegate.h; sourceTree = "<group>"; };
		DF365C401D3C772400FD3D7A /* AppDelegate.m */ = {isa = PBXFileReference; lastKnownFileType = sourcecode.c.objc; path = AppDelegate.m; sourceTree = "<group>"; };
		DF365C461D3C772400FD3D7A /* Base */ = {isa = PBXFileReference; lastKnownFileType = file.storyboard; name = Base; path = Base.lproj/Main.storyboard; sourceTree = "<group>"; };
		DF365C481D3C772400FD3D7A /* Assets.xcassets */ = {isa = PBXFileReference; lastKnownFileType = folder.assetcatalog; path = Assets.xcassets; sourceTree = "<group>"; };
		DF365C4B1D3C772400FD3D7A /* Base */ = {isa = PBXFileReference; lastKnownFileType = file.storyboard; name = Base; path = Base.lproj/LaunchScreen.storyboard; sourceTree = "<group>"; };
		DF365C4D1D3C772400FD3D7A /* Info.plist */ = {isa = PBXFileReference; lastKnownFileType = text.plist.xml; path = Info.plist; sourceTree = "<group>"; };
		DF365C521D3C772400FD3D7A /* XHNoteTests.xctest */ = {isa = PBXFileReference; explicitFileType = wrapper.cfbundle; includeInIndex = 0; path = XHNoteTests.xctest; sourceTree = BUILT_PRODUCTS_DIR; };
		DF365C561D3C772400FD3D7A /* XHNoteTests.m */ = {isa = PBXFileReference; lastKnownFileType = sourcecode.c.objc; path = XHNoteTests.m; sourceTree = "<group>"; };
		DF365C581D3C772400FD3D7A /* Info.plist */ = {isa = PBXFileReference; lastKnownFileType = text.plist.xml; path = Info.plist; sourceTree = "<group>"; };
		DF365C5D1D3C772400FD3D7A /* XHNoteUITests.xctest */ = {isa = PBXFileReference; explicitFileType = wrapper.cfbundle; includeInIndex = 0; path = XHNoteUITests.xctest; sourceTree = BUILT_PRODUCTS_DIR; };
		DF365C611D3C772400FD3D7A /* XHNoteUITests.m */ = {isa = PBXFileReference; lastKnownFileType = sourcecode.c.objc; path = XHNoteUITests.m; sourceTree = "<group>"; };
		DF365C631D3C772400FD3D7A /* Info.plist */ = {isa = PBXFileReference; lastKnownFileType = text.plist.xml; path = Info.plist; sourceTree = "<group>"; };
		DF9E117B1D3DC01800E65234 /* GoodsDataSource */ = {isa = PBXFileReference; fileEncoding = 4; lastKnownFileType = text; path = GoodsDataSource; sourceTree = "<group>"; };
		DF9E117D1D3DC36900E65234 /* GoodsModel.h */ = {isa = PBXFileReference; fileEncoding = 4; lastKnownFileType = sourcecode.c.h; path = GoodsModel.h; sourceTree = "<group>"; };
		DF9E117E1D3DC36900E65234 /* GoodsModel.m */ = {isa = PBXFileReference; fileEncoding = 4; lastKnownFileType = sourcecode.c.objc; path = GoodsModel.m; sourceTree = "<group>"; };
		DFC0ABA91D3CD8FA00DC1434 /* XHMasonryDemo2Controller.h */ = {isa = PBXFileReference; fileEncoding = 4; lastKnownFileType = sourcecode.c.h; path = XHMasonryDemo2Controller.h; sourceTree = "<group>"; };
		DFC0ABAA1D3CD8FA00DC1434 /* XHMasonryDemo2Controller.m */ = {isa = PBXFileReference; fileEncoding = 4; lastKnownFileType = sourcecode.c.objc; path = XHMasonryDemo2Controller.m; sourceTree = "<group>"; };
		DFC0ABAC1D3CDEF600DC1434 /* XHGoodsCell.h */ = {isa = PBXFileReference; fileEncoding = 4; lastKnownFileType = sourcecode.c.h; path = XHGoodsCell.h; sourceTree = "<group>"; };
		DFC0ABAD1D3CDEF600DC1434 /* XHGoodsCell.m */ = {isa = PBXFileReference; fileEncoding = 4; lastKnownFileType = sourcecode.c.objc; path = XHGoodsCell.m; sourceTree = "<group>"; };
		DFC6217E1D3DF37A009F6970 /* DiscountPriceView.h */ = {isa = PBXFileReference; fileEncoding = 4; lastKnownFileType = sourcecode.c.h; path = DiscountPriceView.h; sourceTree = "<group>"; };
		DFC6217F1D3DF37A009F6970 /* DiscountPriceView.m */ = {isa = PBXFileReference; fileEncoding = 4; lastKnownFileType = sourcecode.c.objc; path = DiscountPriceView.m; sourceTree = "<group>"; };
		DFC621881D3DF75B009F6970 /* NSString+Extension.h */ = {isa = PBXFileReference; fileEncoding = 4; lastKnownFileType = sourcecode.c.h; path = "NSString+Extension.h"; sourceTree = "<group>"; };
		DFC621891D3DF75B009F6970 /* NSString+Extension.m */ = {isa = PBXFileReference; fileEncoding = 4; lastKnownFileType = sourcecode.c.objc; path = "NSString+Extension.m"; sourceTree = "<group>"; };
		DFEDC0591D3C831E00E9FF4D /* XHHomeViewController.h */ = {isa = PBXFileReference; fileEncoding = 4; lastKnownFileType = sourcecode.c.h; path = XHHomeViewController.h; sourceTree = "<group>"; };
		DFEDC05A1D3C831E00E9FF4D /* XHHomeViewController.m */ = {isa = PBXFileReference; fileEncoding = 4; lastKnownFileType = sourcecode.c.objc; path = XHHomeViewController.m; sourceTree = "<group>"; };
		DFEDC0691D3C89E400E9FF4D /* PrefixHeader.pch */ = {isa = PBXFileReference; lastKnownFileType = sourcecode.c.h; path = PrefixHeader.pch; sourceTree = "<group>"; };
		DFEDC06C1D3CA47800E9FF4D /* XHHomeModel.h */ = {isa = PBXFileReference; fileEncoding = 4; lastKnownFileType = sourcecode.c.h; path = XHHomeModel.h; sourceTree = "<group>"; };
		DFEDC06D1D3CA47800E9FF4D /* XHHomeModel.m */ = {isa = PBXFileReference; fileEncoding = 4; lastKnownFileType = sourcecode.c.objc; path = XHHomeModel.m; sourceTree = "<group>"; };
		DFEDC06F1D3CA47800E9FF4D /* XHDataSourceManager.h */ = {isa = PBXFileReference; fileEncoding = 4; lastKnownFileType = sourcecode.c.h; path = XHDataSourceManager.h; sourceTree = "<group>"; };
		DFEDC0701D3CA47800E9FF4D /* XHDataSourceManager.m */ = {isa = PBXFileReference; fileEncoding = 4; lastKnownFileType = sourcecode.c.objc; path = XHDataSourceManager.m; sourceTree = "<group>"; };
		DFEDC0731D3CA47800E9FF4D /* XHBaseViewController.h */ = {isa = PBXFileReference; fileEncoding = 4; lastKnownFileType = sourcecode.c.h; path = XHBaseViewController.h; sourceTree = "<group>"; };
		DFEDC0741D3CA47800E9FF4D /* XHBaseViewController.m */ = {isa = PBXFileReference; fileEncoding = 4; lastKnownFileType = sourcecode.c.objc; path = XHBaseViewController.m; sourceTree = "<group>"; };
		DFEDC0771D3CA47800E9FF4D /* XHHomeCell.h */ = {isa = PBXFileReference; fileEncoding = 4; lastKnownFileType = sourcecode.c.h; path = XHHomeCell.h; sourceTree = "<group>"; };
		DFEDC0781D3CA47800E9FF4D /* XHHomeCell.m */ = {isa = PBXFileReference; fileEncoding = 4; lastKnownFileType = sourcecode.c.objc; path = XHHomeCell.m; sourceTree = "<group>"; };
		DFEDC08C1D3CA81B00E9FF4D /* XHAnimaltionHomeModel.h */ = {isa = PBXFileReference; fileEncoding = 4; lastKnownFileType = sourcecode.c.h; path = XHAnimaltionHomeModel.h; sourceTree = "<group>"; };
		DFEDC08D1D3CA81B00E9FF4D /* XHAnimaltionHomeModel.m */ = {isa = PBXFileReference; fileEncoding = 4; lastKnownFileType = sourcecode.c.objc; path = XHAnimaltionHomeModel.m; sourceTree = "<group>"; };
		DFEDC08F1D3CA81B00E9FF4D /* XHAnimalViewController.h */ = {isa = PBXFileReference; fileEncoding = 4; lastKnownFileType = sourcecode.c.h; path = XHAnimalViewController.h; sourceTree = "<group>"; };
		DFEDC0901D3CA81B00E9FF4D /* XHAnimalViewController.m */ = {isa = PBXFileReference; fileEncoding = 4; lastKnownFileType = sourcecode.c.objc; path = XHAnimalViewController.m; sourceTree = "<group>"; };
		DFEDC0951D3CA83B00E9FF4D /* XHAnimaltionCell.h */ = {isa = PBXFileReference; fileEncoding = 4; lastKnownFileType = sourcecode.c.h; path = XHAnimaltionCell.h; sourceTree = "<group>"; };
		DFEDC0961D3CA83B00E9FF4D /* XHAnimaltionCell.m */ = {isa = PBXFileReference; fileEncoding = 4; lastKnownFileType = sourcecode.c.objc; path = XHAnimaltionCell.m; sourceTree = "<group>"; };
		DFEDC09D1D3CAB4D00E9FF4D /* XHMasonryViewController.h */ = {isa = PBXFileReference; fileEncoding = 4; lastKnownFileType = sourcecode.c.h; path = XHMasonryViewController.h; sourceTree = "<group>"; };
		DFEDC09E1D3CAB4D00E9FF4D /* XHMasonryViewController.m */ = {isa = PBXFileReference; fileEncoding = 4; lastKnownFileType = sourcecode.c.objc; path = XHMasonryViewController.m; sourceTree = "<group>"; };
		DFEDC0A11D3CAE0C00E9FF4D /* XHMasonryModel.h */ = {isa = PBXFileReference; fileEncoding = 4; lastKnownFileType = sourcecode.c.h; path = XHMasonryModel.h; sourceTree = "<group>"; };
		DFEDC0A21D3CAE0C00E9FF4D /* XHMasonryModel.m */ = {isa = PBXFileReference; fileEncoding = 4; lastKnownFileType = sourcecode.c.objc; path = XHMasonryModel.m; sourceTree = "<group>"; };
		DFEDC0A41D3CB38200E9FF4D /* XHMasonryDemo1Controller.h */ = {isa = PBXFileReference; fileEncoding = 4; lastKnownFileType = sourcecode.c.h; path = XHMasonryDemo1Controller.h; sourceTree = "<group>"; };
		DFEDC0A51D3CB38200E9FF4D /* XHMasonryDemo1Controller.m */ = {isa = PBXFileReference; fileEncoding = 4; lastKnownFileType = sourcecode.c.objc; path = XHMasonryDemo1Controller.m; sourceTree = "<group>"; };
		E824C89C5D17E0C136202CFB /* Pods.debug.xcconfig */ = {isa = PBXFileReference; includeInIndex = 1; lastKnownFileType = text.xcconfig; name = Pods.debug.xcconfig; path = "Pods/Target Support Files/Pods/Pods.debug.xcconfig"; sourceTree = "<group>"; };
/* End PBXFileReference section */

/* Begin PBXFrameworksBuildPhase section */
		DF365C361D3C772400FD3D7A /* Frameworks */ = {
			isa = PBXFrameworksBuildPhase;
			buildActionMask = 2147483647;
			files = (
				05DA16E02B11F2CBE84F9BF0 /* libPods.a in Frameworks */,
			);
			runOnlyForDeploymentPostprocessing = 0;
		};
		DF365C4F1D3C772400FD3D7A /* Frameworks */ = {
			isa = PBXFrameworksBuildPhase;
			buildActionMask = 2147483647;
			files = (
			);
			runOnlyForDeploymentPostprocessing = 0;
		};
		DF365C5A1D3C772400FD3D7A /* Frameworks */ = {
			isa = PBXFrameworksBuildPhase;
			buildActionMask = 2147483647;
			files = (
			);
			runOnlyForDeploymentPostprocessing = 0;
		};
/* End PBXFrameworksBuildPhase section */

/* Begin PBXGroup section */
		5C87E0F96CD0AEC3CB36F34A /* Frameworks */ = {
			isa = PBXGroup;
			children = (
				454D452EC154DC3750D42B3D /* libPods.a */,
			);
			name = Frameworks;
			sourceTree = "<group>";
		};
		73E7D6F50F7ABD1A81E33B98 /* Pods */ = {
			isa = PBXGroup;
			children = (
				E824C89C5D17E0C136202CFB /* Pods.debug.xcconfig */,
				AAF933A9A725C1044D5CAD4F /* Pods.release.xcconfig */,
			);
			name = Pods;
			sourceTree = "<group>";
		};
		DF365C301D3C772400FD3D7A = {
			isa = PBXGroup;
			children = (
				DF365C3B1D3C772400FD3D7A /* XHNote */,
				DF365C551D3C772400FD3D7A /* XHNoteTests */,
				DF365C601D3C772400FD3D7A /* XHNoteUITests */,
				DF365C3A1D3C772400FD3D7A /* Products */,
				73E7D6F50F7ABD1A81E33B98 /* Pods */,
				5C87E0F96CD0AEC3CB36F34A /* Frameworks */,
			);
			sourceTree = "<group>";
		};
		DF365C3A1D3C772400FD3D7A /* Products */ = {
			isa = PBXGroup;
			children = (
				DF365C391D3C772400FD3D7A /* XHNote.app */,
				DF365C521D3C772400FD3D7A /* XHNoteTests.xctest */,
				DF365C5D1D3C772400FD3D7A /* XHNoteUITests.xctest */,
			);
			name = Products;
			sourceTree = "<group>";
		};
		DF365C3B1D3C772400FD3D7A /* XHNote */ = {
			isa = PBXGroup;
			children = (
				DF9E117A1D3DBFE000E65234 /* Other */,
				DFEDC0981D3CAAA600E9FF4D /* Masonry */,
				DFEDC07D1D3CA55100E9FF4D /* CoreAnimaltion */,
				DFEDC06A1D3CA3EF00E9FF4D /* Main */,
				DFEDC0591D3C831E00E9FF4D /* XHHomeViewController.h */,
				DFEDC05A1D3C831E00E9FF4D /* XHHomeViewController.m */,
				DF365C401D3C772400FD3D7A /* AppDelegate.m */,
				DF365C3F1D3C772400FD3D7A /* AppDelegate.h */,
				DF365C451D3C772400FD3D7A /* Main.storyboard */,
				DF365C481D3C772400FD3D7A /* Assets.xcassets */,
				DF365C4A1D3C772400FD3D7A /* LaunchScreen.storyboard */,
				DF365C4D1D3C772400FD3D7A /* Info.plist */,
				DF365C3C1D3C772400FD3D7A /* Supporting Files */,
			);
			path = XHNote;
			sourceTree = "<group>";
		};
		DF365C3C1D3C772400FD3D7A /* Supporting Files */ = {
			isa = PBXGroup;
			children = (
				DF365C3D1D3C772400FD3D7A /* main.m */,
				DFEDC0691D3C89E400E9FF4D /* PrefixHeader.pch */,
			);
			name = "Supporting Files";
			sourceTree = "<group>";
		};
		DF365C551D3C772400FD3D7A /* XHNoteTests */ = {
			isa = PBXGroup;
			children = (
				DF365C561D3C772400FD3D7A /* XHNoteTests.m */,
				DF365C581D3C772400FD3D7A /* Info.plist */,
			);
			path = XHNoteTests;
			sourceTree = "<group>";
		};
		DF365C601D3C772400FD3D7A /* XHNoteUITests */ = {
			isa = PBXGroup;
			children = (
				DF365C611D3C772400FD3D7A /* XHNoteUITests.m */,
				DF365C631D3C772400FD3D7A /* Info.plist */,
			);
			path = XHNoteUITests;
			sourceTree = "<group>";
		};
		DF9E117A1D3DBFE000E65234 /* Other */ = {
			isa = PBXGroup;
			children = (
				DFC621811D3DF696009F6970 /* Category */,
				DF9E117B1D3DC01800E65234 /* GoodsDataSource */,
			);
			path = Other;
			sourceTree = "<group>";
		};
		DFC621811D3DF696009F6970 /* Category */ = {
			isa = PBXGroup;
			children = (
				DFC621881D3DF75B009F6970 /* NSString+Extension.h */,
				DFC621891D3DF75B009F6970 /* NSString+Extension.m */,
			);
			path = Category;
			sourceTree = "<group>";
		};
		DFEDC06A1D3CA3EF00E9FF4D /* Main */ = {
			isa = PBXGroup;
			children = (
				DFEDC06B1D3CA47800E9FF4D /* Model */,
				DFEDC06E1D3CA47800E9FF4D /* Tool */,
				DFEDC0711D3CA47800E9FF4D /* VC */,
				DFEDC0751D3CA47800E9FF4D /* View */,
			);
			path = Main;
			sourceTree = "<group>";
		};
		DFEDC06B1D3CA47800E9FF4D /* Model */ = {
			isa = PBXGroup;
			children = (
				DFEDC06C1D3CA47800E9FF4D /* XHHomeModel.h */,
				DFEDC06D1D3CA47800E9FF4D /* XHHomeModel.m */,
			);
			path = Model;
			sourceTree = "<group>";
		};
		DFEDC06E1D3CA47800E9FF4D /* Tool */ = {
			isa = PBXGroup;
			children = (
				DFEDC06F1D3CA47800E9FF4D /* XHDataSourceManager.h */,
				DFEDC0701D3CA47800E9FF4D /* XHDataSourceManager.m */,
			);
			path = Tool;
			sourceTree = "<group>";
		};
		DFEDC0711D3CA47800E9FF4D /* VC */ = {
			isa = PBXGroup;
			children = (
				DFEDC0721D3CA47800E9FF4D /* Base */,
			);
			path = VC;
			sourceTree = "<group>";
		};
		DFEDC0721D3CA47800E9FF4D /* Base */ = {
			isa = PBXGroup;
			children = (
				DFEDC0731D3CA47800E9FF4D /* XHBaseViewController.h */,
				DFEDC0741D3CA47800E9FF4D /* XHBaseViewController.m */,
			);
			path = Base;
			sourceTree = "<group>";
		};
		DFEDC0751D3CA47800E9FF4D /* View */ = {
			isa = PBXGroup;
			children = (
				DFEDC0761D3CA47800E9FF4D /* Cell */,
			);
			path = View;
			sourceTree = "<group>";
		};
		DFEDC0761D3CA47800E9FF4D /* Cell */ = {
			isa = PBXGroup;
			children = (
				DFEDC0771D3CA47800E9FF4D /* XHHomeCell.h */,
				DFEDC0781D3CA47800E9FF4D /* XHHomeCell.m */,
			);
			path = Cell;
			sourceTree = "<group>";
		};
		DFEDC07D1D3CA55100E9FF4D /* CoreAnimaltion */ = {
			isa = PBXGroup;
			children = (
				DFEDC08B1D3CA81B00E9FF4D /* Model */,
				DFEDC08E1D3CA81B00E9FF4D /* VC */,
				DFEDC0911D3CA81B00E9FF4D /* View */,
			);
			path = CoreAnimaltion;
			sourceTree = "<group>";
		};
		DFEDC08B1D3CA81B00E9FF4D /* Model */ = {
			isa = PBXGroup;
			children = (
				DFEDC08C1D3CA81B00E9FF4D /* XHAnimaltionHomeModel.h */,
				DFEDC08D1D3CA81B00E9FF4D /* XHAnimaltionHomeModel.m */,
			);
			path = Model;
			sourceTree = "<group>";
		};
		DFEDC08E1D3CA81B00E9FF4D /* VC */ = {
			isa = PBXGroup;
			children = (
				DFEDC08F1D3CA81B00E9FF4D /* XHAnimalViewController.h */,
				DFEDC0901D3CA81B00E9FF4D /* XHAnimalViewController.m */,
			);
			path = VC;
			sourceTree = "<group>";
		};
		DFEDC0911D3CA81B00E9FF4D /* View */ = {
			isa = PBXGroup;
			children = (
				DFEDC0921D3CA81B00E9FF4D /* Cell */,
			);
			path = View;
			sourceTree = "<group>";
		};
		DFEDC0921D3CA81B00E9FF4D /* Cell */ = {
			isa = PBXGroup;
			children = (
				DFEDC0951D3CA83B00E9FF4D /* XHAnimaltionCell.h */,
				DFEDC0961D3CA83B00E9FF4D /* XHAnimaltionCell.m */,
			);
			path = Cell;
			sourceTree = "<group>";
		};
		DFEDC0981D3CAAA600E9FF4D /* Masonry */ = {
			isa = PBXGroup;
			children = (
				DFEDC09B1D3CAB0700E9FF4D /* Model */,
				DFEDC09A1D3CAAFA00E9FF4D /* View */,
				DFEDC0991D3CAAC400E9FF4D /* VC */,
			);
			path = Masonry;
			sourceTree = "<group>";
		};
		DFEDC0991D3CAAC400E9FF4D /* VC */ = {
			isa = PBXGroup;
			children = (
				DFEDC09D1D3CAB4D00E9FF4D /* XHMasonryViewController.h */,
				DFEDC09E1D3CAB4D00E9FF4D /* XHMasonryViewController.m */,
				DFEDC0A41D3CB38200E9FF4D /* XHMasonryDemo1Controller.h */,
				DFEDC0A51D3CB38200E9FF4D /* XHMasonryDemo1Controller.m */,
				DFC0ABA91D3CD8FA00DC1434 /* XHMasonryDemo2Controller.h */,
				DFC0ABAA1D3CD8FA00DC1434 /* XHMasonryDemo2Controller.m */,
			);
			path = VC;
			sourceTree = "<group>";
		};
		DFEDC09A1D3CAAFA00E9FF4D /* View */ = {
			isa = PBXGroup;
			children = (
				DFC6217E1D3DF37A009F6970 /* DiscountPriceView.h */,
				DFC6217F1D3DF37A009F6970 /* DiscountPriceView.m */,
				DFEDC0A01D3CADD600E9FF4D /* Cell */,
			);
			path = View;
			sourceTree = "<group>";
		};
		DFEDC09B1D3CAB0700E9FF4D /* Model */ = {
			isa = PBXGroup;
			children = (
				DFEDC0A11D3CAE0C00E9FF4D /* XHMasonryModel.h */,
				DFEDC0A21D3CAE0C00E9FF4D /* XHMasonryModel.m */,
				DF9E117D1D3DC36900E65234 /* GoodsModel.h */,
				DF9E117E1D3DC36900E65234 /* GoodsModel.m */,
			);
			path = Model;
			sourceTree = "<group>";
		};
		DFEDC0A01D3CADD600E9FF4D /* Cell */ = {
			isa = PBXGroup;
			children = (
				DFC0ABAC1D3CDEF600DC1434 /* XHGoodsCell.h */,
				DFC0ABAD1D3CDEF600DC1434 /* XHGoodsCell.m */,
			);
			path = Cell;
			sourceTree = "<group>";
		};
/* End PBXGroup section */

/* Begin PBXNativeTarget section */
		DF365C381D3C772400FD3D7A /* XHNote */ = {
			isa = PBXNativeTarget;
			buildConfigurationList = DF365C661D3C772400FD3D7A /* Build configuration list for PBXNativeTarget "XHNote" */;
			buildPhases = (
				BF1014C27C52F8099E8AE680 /* Check Pods Manifest.lock */,
				DF365C351D3C772400FD3D7A /* Sources */,
				DF365C361D3C772400FD3D7A /* Frameworks */,
				DF365C371D3C772400FD3D7A /* Resources */,
				F91B3352CCCDEE3258952476 /* Copy Pods Resources */,
			);
			buildRules = (
			);
			dependencies = (
			);
			name = XHNote;
			productName = XHNote;
			productReference = DF365C391D3C772400FD3D7A /* XHNote.app */;
			productType = "com.apple.product-type.application";
		};
		DF365C511D3C772400FD3D7A /* XHNoteTests */ = {
			isa = PBXNativeTarget;
			buildConfigurationList = DF365C691D3C772400FD3D7A /* Build configuration list for PBXNativeTarget "XHNoteTests" */;
			buildPhases = (
				DF365C4E1D3C772400FD3D7A /* Sources */,
				DF365C4F1D3C772400FD3D7A /* Frameworks */,
				DF365C501D3C772400FD3D7A /* Resources */,
			);
			buildRules = (
			);
			dependencies = (
				DF365C541D3C772400FD3D7A /* PBXTargetDependency */,
			);
			name = XHNoteTests;
			productName = XHNoteTests;
			productReference = DF365C521D3C772400FD3D7A /* XHNoteTests.xctest */;
			productType = "com.apple.product-type.bundle.unit-test";
		};
		DF365C5C1D3C772400FD3D7A /* XHNoteUITests */ = {
			isa = PBXNativeTarget;
			buildConfigurationList = DF365C6C1D3C772400FD3D7A /* Build configuration list for PBXNativeTarget "XHNoteUITests" */;
			buildPhases = (
				DF365C591D3C772400FD3D7A /* Sources */,
				DF365C5A1D3C772400FD3D7A /* Frameworks */,
				DF365C5B1D3C772400FD3D7A /* Resources */,
			);
			buildRules = (
			);
			dependencies = (
				DF365C5F1D3C772400FD3D7A /* PBXTargetDependency */,
			);
			name = XHNoteUITests;
			productName = XHNoteUITests;
			productReference = DF365C5D1D3C772400FD3D7A /* XHNoteUITests.xctest */;
			productType = "com.apple.product-type.bundle.ui-testing";
		};
/* End PBXNativeTarget section */

/* Begin PBXProject section */
		DF365C311D3C772400FD3D7A /* Project object */ = {
			isa = PBXProject;
			attributes = {
				LastUpgradeCheck = 0730;
				ORGANIZATIONNAME = IT_WXH;
				TargetAttributes = {
					DF365C381D3C772400FD3D7A = {
						CreatedOnToolsVersion = 7.3.1;
					};
					DF365C511D3C772400FD3D7A = {
						CreatedOnToolsVersion = 7.3.1;
						TestTargetID = DF365C381D3C772400FD3D7A;
					};
					DF365C5C1D3C772400FD3D7A = {
						CreatedOnToolsVersion = 7.3.1;
						TestTargetID = DF365C381D3C772400FD3D7A;
					};
				};
			};
			buildConfigurationList = DF365C341D3C772400FD3D7A /* Build configuration list for PBXProject "XHNote" */;
			compatibilityVersion = "Xcode 3.2";
			developmentRegion = English;
			hasScannedForEncodings = 0;
			knownRegions = (
				en,
				Base,
			);
			mainGroup = DF365C301D3C772400FD3D7A;
			productRefGroup = DF365C3A1D3C772400FD3D7A /* Products */;
			projectDirPath = "";
			projectRoot = "";
			targets = (
				DF365C381D3C772400FD3D7A /* XHNote */,
				DF365C511D3C772400FD3D7A /* XHNoteTests */,
				DF365C5C1D3C772400FD3D7A /* XHNoteUITests */,
			);
		};
/* End PBXProject section */

/* Begin PBXResourcesBuildPhase section */
		DF365C371D3C772400FD3D7A /* Resources */ = {
			isa = PBXResourcesBuildPhase;
			buildActionMask = 2147483647;
			files = (
				DF365C4C1D3C772400FD3D7A /* LaunchScreen.storyboard in Resources */,
				DF365C491D3C772400FD3D7A /* Assets.xcassets in Resources */,
				DF9E117C1D3DC01800E65234 /* GoodsDataSource in Resources */,
				DF365C471D3C772400FD3D7A /* Main.storyboard in Resources */,
			);
			runOnlyForDeploymentPostprocessing = 0;
		};
		DF365C501D3C772400FD3D7A /* Resources */ = {
			isa = PBXResourcesBuildPhase;
			buildActionMask = 2147483647;
			files = (
			);
			runOnlyForDeploymentPostprocessing = 0;
		};
		DF365C5B1D3C772400FD3D7A /* Resources */ = {
			isa = PBXResourcesBuildPhase;
			buildActionMask = 2147483647;
			files = (
			);
			runOnlyForDeploymentPostprocessing = 0;
		};
/* End PBXResourcesBuildPhase section */

/* Begin PBXShellScriptBuildPhase section */
		BF1014C27C52F8099E8AE680 /* Check Pods Manifest.lock */ = {
			isa = PBXShellScriptBuildPhase;
			buildActionMask = 2147483647;
			files = (
			);
			inputPaths = (
			);
			name = "Check Pods Manifest.lock";
			outputPaths = (
			);
			runOnlyForDeploymentPostprocessing = 0;
			shellPath = /bin/sh;
			shellScript = "diff \"${PODS_ROOT}/../Podfile.lock\" \"${PODS_ROOT}/Manifest.lock\" > /dev/null\nif [[ $? != 0 ]] ; then\n    cat << EOM\nerror: The sandbox is not in sync with the Podfile.lock. Run 'pod install' or update your CocoaPods installation.\nEOM\n    exit 1\nfi\n";
			showEnvVarsInLog = 0;
		};
		F91B3352CCCDEE3258952476 /* Copy Pods Resources */ = {
			isa = PBXShellScriptBuildPhase;
			buildActionMask = 2147483647;
			files = (
			);
			inputPaths = (
			);
			name = "Copy Pods Resources";
			outputPaths = (
			);
			runOnlyForDeploymentPostprocessing = 0;
			shellPath = /bin/sh;
			shellScript = "\"${SRCROOT}/Pods/Target Support Files/Pods/Pods-resources.sh\"\n";
			showEnvVarsInLog = 0;
		};
/* End PBXShellScriptBuildPhase section */

/* Begin PBXSourcesBuildPhase section */
		DF365C351D3C772400FD3D7A /* Sources */ = {
			isa = PBXSourcesBuildPhase;
			buildActionMask = 2147483647;
			files = (
				DFEDC0931D3CA81B00E9FF4D /* XHAnimaltionHomeModel.m in Sources */,
				DFC0ABAE1D3CDEF600DC1434 /* XHGoodsCell.m in Sources */,
				DFEDC0A61D3CB38200E9FF4D /* XHMasonryDemo1Controller.m in Sources */,
				DF365C411D3C772400FD3D7A /* AppDelegate.m in Sources */,
				DF9E117F1D3DC36900E65234 /* GoodsModel.m in Sources */,
				DFEDC07A1D3CA47800E9FF4D /* XHDataSourceManager.m in Sources */,
				DFEDC0941D3CA81B00E9FF4D /* XHAnimalViewController.m in Sources */,
				DFC6218A1D3DF75B009F6970 /* NSString+Extension.m in Sources */,
				DFC0ABAB1D3CD8FA00DC1434 /* XHMasonryDemo2Controller.m in Sources */,
				DFEDC05B1D3C831E00E9FF4D /* XHHomeViewController.m in Sources */,
				DFEDC07C1D3CA47800E9FF4D /* XHHomeCell.m in Sources */,
				DFEDC07B1D3CA47800E9FF4D /* XHBaseViewController.m in Sources */,
				DFEDC09F1D3CAB4D00E9FF4D /* XHMasonryViewController.m in Sources */,
				DFC621801D3DF37A009F6970 /* DiscountPriceView.m in Sources */,
				DFEDC0971D3CA83B00E9FF4D /* XHAnimaltionCell.m in Sources */,
				DFEDC0A31D3CAE0C00E9FF4D /* XHMasonryModel.m in Sources */,
				DFEDC0791D3CA47800E9FF4D /* XHHomeModel.m in Sources */,
				DF365C3E1D3C772400FD3D7A /* main.m in Sources */,
			);
			runOnlyForDeploymentPostprocessing = 0;
		};
		DF365C4E1D3C772400FD3D7A /* Sources */ = {
			isa = PBXSourcesBuildPhase;
			buildActionMask = 2147483647;
			files = (
				DF365C571D3C772400FD3D7A /* XHNoteTests.m in Sources */,
			);
			runOnlyForDeploymentPostprocessing = 0;
		};
		DF365C591D3C772400FD3D7A /* Sources */ = {
			isa = PBXSourcesBuildPhase;
			buildActionMask = 2147483647;
			files = (
				DF365C621D3C772400FD3D7A /* XHNoteUITests.m in Sources */,
			);
			runOnlyForDeploymentPostprocessing = 0;
		};
/* End PBXSourcesBuildPhase section */

/* Begin PBXTargetDependency section */
		DF365C541D3C772400FD3D7A /* PBXTargetDependency */ = {
			isa = PBXTargetDependency;
			target = DF365C381D3C772400FD3D7A /* XHNote */;
			targetProxy = DF365C531D3C772400FD3D7A /* PBXContainerItemProxy */;
		};
		DF365C5F1D3C772400FD3D7A /* PBXTargetDependency */ = {
			isa = PBXTargetDependency;
			target = DF365C381D3C772400FD3D7A /* XHNote */;
			targetProxy = DF365C5E1D3C772400FD3D7A /* PBXContainerItemProxy */;
		};
/* End PBXTargetDependency section */

/* Begin PBXVariantGroup section */
		DF365C451D3C772400FD3D7A /* Main.storyboard */ = {
			isa = PBXVariantGroup;
			children = (
				DF365C461D3C772400FD3D7A /* Base */,
			);
			name = Main.storyboard;
			sourceTree = "<group>";
		};
		DF365C4A1D3C772400FD3D7A /* LaunchScreen.storyboard */ = {
			isa = PBXVariantGroup;
			children = (
				DF365C4B1D3C772400FD3D7A /* Base */,
			);
			name = LaunchScreen.storyboard;
			sourceTree = "<group>";
		};
/* End PBXVariantGroup section */

/* Begin XCBuildConfiguration section */
		DF365C641D3C772400FD3D7A /* Debug */ = {
			isa = XCBuildConfiguration;
			buildSettings = {
				ALWAYS_SEARCH_USER_PATHS = NO;
				CLANG_ANALYZER_NONNULL = YES;
				CLANG_CXX_LANGUAGE_STANDARD = "gnu++0x";
				CLANG_CXX_LIBRARY = "libc++";
				CLANG_ENABLE_MODULES = YES;
				CLANG_ENABLE_OBJC_ARC = YES;
				CLANG_WARN_BOOL_CONVERSION = YES;
				CLANG_WARN_CONSTANT_CONVERSION = YES;
				CLANG_WARN_DIRECT_OBJC_ISA_USAGE = YES_ERROR;
				CLANG_WARN_EMPTY_BODY = YES;
				CLANG_WARN_ENUM_CONVERSION = YES;
				CLANG_WARN_INT_CONVERSION = YES;
				CLANG_WARN_OBJC_ROOT_CLASS = YES_ERROR;
				CLANG_WARN_UNREACHABLE_CODE = YES;
				CLANG_WARN__DUPLICATE_METHOD_MATCH = YES;
				"CODE_SIGN_IDENTITY[sdk=iphoneos*]" = "iPhone Developer";
				COPY_PHASE_STRIP = NO;
				DEBUG_INFORMATION_FORMAT = dwarf;
				ENABLE_STRICT_OBJC_MSGSEND = YES;
				ENABLE_TESTABILITY = YES;
				GCC_C_LANGUAGE_STANDARD = gnu99;
				GCC_DYNAMIC_NO_PIC = NO;
				GCC_NO_COMMON_BLOCKS = YES;
				GCC_OPTIMIZATION_LEVEL = 0;
				GCC_PREPROCESSOR_DEFINITIONS = (
					"DEBUG=1",
					"$(inherited)",
				);
				GCC_WARN_64_TO_32_BIT_CONVERSION = YES;
				GCC_WARN_ABOUT_RETURN_TYPE = YES_ERROR;
				GCC_WARN_UNDECLARED_SELECTOR = YES;
				GCC_WARN_UNINITIALIZED_AUTOS = YES_AGGRESSIVE;
				GCC_WARN_UNUSED_FUNCTION = YES;
				GCC_WARN_UNUSED_VARIABLE = YES;
				IPHONEOS_DEPLOYMENT_TARGET = 9.3;
				MTL_ENABLE_DEBUG_INFO = YES;
				ONLY_ACTIVE_ARCH = YES;
				SDKROOT = iphoneos;
			};
			name = Debug;
		};
		DF365C651D3C772400FD3D7A /* Release */ = {
			isa = XCBuildConfiguration;
			buildSettings = {
				ALWAYS_SEARCH_USER_PATHS = NO;
				CLANG_ANALYZER_NONNULL = YES;
				CLANG_CXX_LANGUAGE_STANDARD = "gnu++0x";
				CLANG_CXX_LIBRARY = "libc++";
				CLANG_ENABLE_MODULES = YES;
				CLANG_ENABLE_OBJC_ARC = YES;
				CLANG_WARN_BOOL_CONVERSION = YES;
				CLANG_WARN_CONSTANT_CONVERSION = YES;
				CLANG_WARN_DIRECT_OBJC_ISA_USAGE = YES_ERROR;
				CLANG_WARN_EMPTY_BODY = YES;
				CLANG_WARN_ENUM_CONVERSION = YES;
				CLANG_WARN_INT_CONVERSION = YES;
				CLANG_WARN_OBJC_ROOT_CLASS = YES_ERROR;
				CLANG_WARN_UNREACHABLE_CODE = YES;
				CLANG_WARN__DUPLICATE_METHOD_MATCH = YES;
				"CODE_SIGN_IDENTITY[sdk=iphoneos*]" = "iPhone Developer";
				COPY_PHASE_STRIP = NO;
				DEBUG_INFORMATION_FORMAT = "dwarf-with-dsym";
				ENABLE_NS_ASSERTIONS = NO;
				ENABLE_STRICT_OBJC_MSGSEND = YES;
				GCC_C_LANGUAGE_STANDARD = gnu99;
				GCC_NO_COMMON_BLOCKS = YES;
				GCC_WARN_64_TO_32_BIT_CONVERSION = YES;
				GCC_WARN_ABOUT_RETURN_TYPE = YES_ERROR;
				GCC_WARN_UNDECLARED_SELECTOR = YES;
				GCC_WARN_UNINITIALIZED_AUTOS = YES_AGGRESSIVE;
				GCC_WARN_UNUSED_FUNCTION = YES;
				GCC_WARN_UNUSED_VARIABLE = YES;
				IPHONEOS_DEPLOYMENT_TARGET = 9.3;
				MTL_ENABLE_DEBUG_INFO = NO;
				SDKROOT = iphoneos;
				VALIDATE_PRODUCT = YES;
			};
			name = Release;
		};
		DF365C671D3C772400FD3D7A /* Debug */ = {
			isa = XCBuildConfiguration;
			baseConfigurationReference = E824C89C5D17E0C136202CFB /* Pods.debug.xcconfig */;
			buildSettings = {
				ASSETCATALOG_COMPILER_APPICON_NAME = AppIcon;
				ENABLE_BITCODE = YES;
				GCC_PREFIX_HEADER = /Users/louke/Documents/XHNote/XHNote/XHNote/PrefixHeader.pch;
				INFOPLIST_FILE = XHNote/Info.plist;
				LD_RUNPATH_SEARCH_PATHS = "$(inherited) @executable_path/Frameworks";
				PRODUCT_BUNDLE_IDENTIFIER = com.wxh.XHNote;
				PRODUCT_NAME = "$(TARGET_NAME)";
			};
			name = Debug;
		};
		DF365C681D3C772400FD3D7A /* Release */ = {
			isa = XCBuildConfiguration;
			baseConfigurationReference = AAF933A9A725C1044D5CAD4F /* Pods.release.xcconfig */;
			buildSettings = {
				ASSETCATALOG_COMPILER_APPICON_NAME = AppIcon;
				ENABLE_BITCODE = YES;
				GCC_PREFIX_HEADER = /Users/louke/Documents/XHNote/XHNote/XHNote/PrefixHeader.pch;
				INFOPLIST_FILE = XHNote/Info.plist;
				LD_RUNPATH_SEARCH_PATHS = "$(inherited) @executable_path/Frameworks";
				PRODUCT_BUNDLE_IDENTIFIER = com.wxh.XHNote;
				PRODUCT_NAME = "$(TARGET_NAME)";
			};
			name = Release;
		};
		DF365C6A1D3C772400FD3D7A /* Debug */ = {
			isa = XCBuildConfiguration;
			buildSettings = {
				BUNDLE_LOADER = "$(TEST_HOST)";
				INFOPLIST_FILE = XHNoteTests/Info.plist;
				LD_RUNPATH_SEARCH_PATHS = "$(inherited) @executable_path/Frameworks @loader_path/Frameworks";
				PRODUCT_BUNDLE_IDENTIFIER = com.wxh.XHNoteTests;
				PRODUCT_NAME = "$(TARGET_NAME)";
				TEST_HOST = "$(BUILT_PRODUCTS_DIR)/XHNote.app/XHNote";
			};
			name = Debug;
		};
		DF365C6B1D3C772400FD3D7A /* Release */ = {
			isa = XCBuildConfiguration;
			buildSettings = {
				BUNDLE_LOADER = "$(TEST_HOST)";
				INFOPLIST_FILE = XHNoteTests/Info.plist;
				LD_RUNPATH_SEARCH_PATHS = "$(inherited) @executable_path/Frameworks @loader_path/Frameworks";
				PRODUCT_BUNDLE_IDENTIFIER = com.wxh.XHNoteTests;
				PRODUCT_NAME = "$(TARGET_NAME)";
				TEST_HOST = "$(BUILT_PRODUCTS_DIR)/XHNote.app/XHNote";
			};
			name = Release;
		};
		DF365C6D1D3C772400FD3D7A /* Debug */ = {
			isa = XCBuildConfiguration;
			buildSettings = {
				INFOPLIST_FILE = XHNoteUITests/Info.plist;
				LD_RUNPATH_SEARCH_PATHS = "$(inherited) @executable_path/Frameworks @loader_path/Frameworks";
				PRODUCT_BUNDLE_IDENTIFIER = com.wxh.XHNoteUITests;
				PRODUCT_NAME = "$(TARGET_NAME)";
				TEST_TARGET_NAME = XHNote;
			};
			name = Debug;
		};
		DF365C6E1D3C772400FD3D7A /* Release */ = {
			isa = XCBuildConfiguration;
			buildSettings = {
				INFOPLIST_FILE = XHNoteUITests/Info.plist;
				LD_RUNPATH_SEARCH_PATHS = "$(inherited) @executable_path/Frameworks @loader_path/Frameworks";
				PRODUCT_BUNDLE_IDENTIFIER = com.wxh.XHNoteUITests;
				PRODUCT_NAME = "$(TARGET_NAME)";
				TEST_TARGET_NAME = XHNote;
			};
			name = Release;
		};
/* End XCBuildConfiguration section */

/* Begin XCConfigurationList section */
		DF365C341D3C772400FD3D7A /* Build configuration list for PBXProject "XHNote" */ = {
			isa = XCConfigurationList;
			buildConfigurations = (
				DF365C641D3C772400FD3D7A /* Debug */,
				DF365C651D3C772400FD3D7A /* Release */,
			);
			defaultConfigurationIsVisible = 0;
			defaultConfigurationName = Release;
		};
		DF365C661D3C772400FD3D7A /* Build configuration list for PBXNativeTarget "XHNote" */ = {
			isa = XCConfigurationList;
			buildConfigurations = (
				DF365C671D3C772400FD3D7A /* Debug */,
				DF365C681D3C772400FD3D7A /* Release */,
			);
			defaultConfigurationIsVisible = 0;
			defaultConfigurationName = Release;
		};
		DF365C691D3C772400FD3D7A /* Build configuration list for PBXNativeTarget "XHNoteTests" */ = {
			isa = XCConfigurationList;
			buildConfigurations = (
				DF365C6A1D3C772400FD3D7A /* Debug */,
				DF365C6B1D3C772400FD3D7A /* Release */,
			);
			defaultConfigurationIsVisible = 0;
			defaultConfigurationName = Release;
		};
		DF365C6C1D3C772400FD3D7A /* Build configuration list for PBXNativeTarget "XHNoteUITests" */ = {
			isa = XCConfigurationList;
			buildConfigurations = (
				DF365C6D1D3C772400FD3D7A /* Debug */,
				DF365C6E1D3C772400FD3D7A /* Release */,
			);
			defaultConfigurationIsVisible = 0;
			defaultConfigurationName = Release;
		};
/* End XCConfigurationList section */
	};
	rootObject = DF365C311D3C772400FD3D7A /* Project object */;
}
